// !$*UTF8*$!
{
	archiveVersion = 1;
	classes = {
	};
	objectVersion = 55;
	objects = {

/* Begin PBXBuildFile section */
		813042122887CE34002370D2 /* AppDelegate.swift in Sources */ = {isa = PBXBuildFile; fileRef = 813042112887CE34002370D2 /* AppDelegate.swift */; };
		813042142887CE34002370D2 /* SceneDelegate.swift in Sources */ = {isa = PBXBuildFile; fileRef = 813042132887CE34002370D2 /* SceneDelegate.swift */; };
		813042162887CE34002370D2 /* MainViewController.swift in Sources */ = {isa = PBXBuildFile; fileRef = 813042152887CE34002370D2 /* MainViewController.swift */; };
		813042192887CE34002370D2 /* Main.storyboard in Resources */ = {isa = PBXBuildFile; fileRef = 813042172887CE34002370D2 /* Main.storyboard */; };
		8130421B2887CE35002370D2 /* Assets.xcassets in Resources */ = {isa = PBXBuildFile; fileRef = 8130421A2887CE35002370D2 /* Assets.xcassets */; };
		8130421E2887CE35002370D2 /* LaunchScreen.storyboard in Resources */ = {isa = PBXBuildFile; fileRef = 8130421C2887CE35002370D2 /* LaunchScreen.storyboard */; };
		813042292887CE35002370D2 /* FinancialCalculatorTests.swift in Sources */ = {isa = PBXBuildFile; fileRef = 813042282887CE35002370D2 /* FinancialCalculatorTests.swift */; };
		813042332887CE35002370D2 /* FinancialCalculatorUITests.swift in Sources */ = {isa = PBXBuildFile; fileRef = 813042322887CE35002370D2 /* FinancialCalculatorUITests.swift */; };
		813042352887CE35002370D2 /* FinancialCalculatorUITestsLaunchTests.swift in Sources */ = {isa = PBXBuildFile; fileRef = 813042342887CE35002370D2 /* FinancialCalculatorUITestsLaunchTests.swift */; };
		813042452887D1F1002370D2 /* HomeButtonView.swift in Sources */ = {isa = PBXBuildFile; fileRef = 813042442887D1F1002370D2 /* HomeButtonView.swift */; };
		813042472887D49E002370D2 /* TabBarController.swift in Sources */ = {isa = PBXBuildFile; fileRef = 813042462887D49E002370D2 /* TabBarController.swift */; };
		813042492887D652002370D2 /* MortgageViewController.swift in Sources */ = {isa = PBXBuildFile; fileRef = 813042482887D652002370D2 /* MortgageViewController.swift */; };
		8130424B2887D85D002370D2 /* LoanViewController.swift in Sources */ = {isa = PBXBuildFile; fileRef = 8130424A2887D85D002370D2 /* LoanViewController.swift */; };
		813CD2DE288929C3006D49CC /* SavingsViewController.swift in Sources */ = {isa = PBXBuildFile; fileRef = 813CD2DD288929C3006D49CC /* SavingsViewController.swift */; };
		813CD2E128892A49006D49CC /* SharedFunctions.swift in Sources */ = {isa = PBXBuildFile; fileRef = 813CD2E028892A49006D49CC /* SharedFunctions.swift */; };
		813CD2E328892AA2006D49CC /* SavingsData+CoreDataClass.swift in Sources */ = {isa = PBXBuildFile; fileRef = 813CD2E228892AA2006D49CC /* SavingsData+CoreDataClass.swift */; };
		813CD2E528892AD1006D49CC /* SavingsData+CoreDataProperties.swift in Sources */ = {isa = PBXBuildFile; fileRef = 813CD2E428892AD1006D49CC /* SavingsData+CoreDataProperties.swift */; };
		813CD2E72889318D006D49CC /* SavingHelpViewController.swift in Sources */ = {isa = PBXBuildFile; fileRef = 813CD2E62889318D006D49CC /* SavingHelpViewController.swift */; };
		813CD2E9288932DF006D49CC /* MortgageHelpViewController.swift in Sources */ = {isa = PBXBuildFile; fileRef = 813CD2E8288932DF006D49CC /* MortgageHelpViewController.swift */; };
		813CD2EB288933D4006D49CC /* LoanHelpViewController.swift in Sources */ = {isa = PBXBuildFile; fileRef = 813CD2EA288933D4006D49CC /* LoanHelpViewController.swift */; };
		8196D5712892009A00A7AA26 /* LoansData+CoreDataClass.swift in Sources */ = {isa = PBXBuildFile; fileRef = 8196D5702892009A00A7AA26 /* LoansData+CoreDataClass.swift */; };
		8196D5732892010C00A7AA26 /* LoansData+CoreDataProperties.swift in Sources */ = {isa = PBXBuildFile; fileRef = 8196D5722892010C00A7AA26 /* LoansData+CoreDataProperties.swift */; };
		81DA778B288C028F00005A26 /* FinanceCalculator.xcdatamodeld in Sources */ = {isa = PBXBuildFile; fileRef = 81DA7789288C028F00005A26 /* FinanceCalculator.xcdatamodeld */; };
		81DC86BA288BF2A500B1D2BA /* HomeButton.swift in Sources */ = {isa = PBXBuildFile; fileRef = 81DC86B9288BF2A500B1D2BA /* HomeButton.swift */; };
		81DC86BD288BF33F00B1D2BA /* Colors.swift in Sources */ = {isa = PBXBuildFile; fileRef = 81DC86BC288BF33F00B1D2BA /* Colors.swift */; };
		81DC86BF288BF3CE00B1D2BA /* UITextFields.swift in Sources */ = {isa = PBXBuildFile; fileRef = 81DC86BE288BF3CE00B1D2BA /* UITextFields.swift */; };
		81DC86C1288BF4DC00B1D2BA /* HelpViewController.swift in Sources */ = {isa = PBXBuildFile; fileRef = 81DC86C0288BF4DC00B1D2BA /* HelpViewController.swift */; };
		81DC86C3288BF54B00B1D2BA /* ScrollViewController.swift in Sources */ = {isa = PBXBuildFile; fileRef = 81DC86C2288BF54B00B1D2BA /* ScrollViewController.swift */; };
/* End PBXBuildFile section */

/* Begin PBXContainerItemProxy section */
		813042252887CE35002370D2 /* PBXContainerItemProxy */ = {
			isa = PBXContainerItemProxy;
			containerPortal = 813042062887CE34002370D2 /* Project object */;
			proxyType = 1;
			remoteGlobalIDString = 8130420D2887CE34002370D2;
			remoteInfo = FinancialCalculator;
		};
		8130422F2887CE35002370D2 /* PBXContainerItemProxy */ = {
			isa = PBXContainerItemProxy;
			containerPortal = 813042062887CE34002370D2 /* Project object */;
			proxyType = 1;
			remoteGlobalIDString = 8130420D2887CE34002370D2;
			remoteInfo = FinancialCalculator;
		};
/* End PBXContainerItemProxy section */

/* Begin PBXFileReference section */
		8130420E2887CE34002370D2 /* FinancialCalculator.app */ = {isa = PBXFileReference; explicitFileType = wrapper.application; includeInIndex = 0; path = FinancialCalculator.app; sourceTree = BUILT_PRODUCTS_DIR; };
		813042112887CE34002370D2 /* AppDelegate.swift */ = {isa = PBXFileReference; lastKnownFileType = sourcecode.swift; path = AppDelegate.swift; sourceTree = "<group>"; };
		813042132887CE34002370D2 /* SceneDelegate.swift */ = {isa = PBXFileReference; lastKnownFileType = sourcecode.swift; path = SceneDelegate.swift; sourceTree = "<group>"; };
		813042152887CE34002370D2 /* MainViewController.swift */ = {isa = PBXFileReference; lastKnownFileType = sourcecode.swift; path = MainViewController.swift; sourceTree = "<group>"; };
		813042182887CE34002370D2 /* Base */ = {isa = PBXFileReference; lastKnownFileType = file.storyboard; name = Base; path = Base.lproj/Main.storyboard; sourceTree = "<group>"; };
		8130421A2887CE35002370D2 /* Assets.xcassets */ = {isa = PBXFileReference; lastKnownFileType = folder.assetcatalog; path = Assets.xcassets; sourceTree = "<group>"; };
		8130421D2887CE35002370D2 /* Base */ = {isa = PBXFileReference; lastKnownFileType = file.storyboard; name = Base; path = Base.lproj/LaunchScreen.storyboard; sourceTree = "<group>"; };
		8130421F2887CE35002370D2 /* Info.plist */ = {isa = PBXFileReference; lastKnownFileType = text.plist.xml; path = Info.plist; sourceTree = "<group>"; };
		813042242887CE35002370D2 /* FinancialCalculatorTests.xctest */ = {isa = PBXFileReference; explicitFileType = wrapper.cfbundle; includeInIndex = 0; path = FinancialCalculatorTests.xctest; sourceTree = BUILT_PRODUCTS_DIR; };
		813042282887CE35002370D2 /* FinancialCalculatorTests.swift */ = {isa = PBXFileReference; lastKnownFileType = sourcecode.swift; path = FinancialCalculatorTests.swift; sourceTree = "<group>"; };
		8130422E2887CE35002370D2 /* FinancialCalculatorUITests.xctest */ = {isa = PBXFileReference; explicitFileType = wrapper.cfbundle; includeInIndex = 0; path = FinancialCalculatorUITests.xctest; sourceTree = BUILT_PRODUCTS_DIR; };
		813042322887CE35002370D2 /* FinancialCalculatorUITests.swift */ = {isa = PBXFileReference; lastKnownFileType = sourcecode.swift; path = FinancialCalculatorUITests.swift; sourceTree = "<group>"; };
		813042342887CE35002370D2 /* FinancialCalculatorUITestsLaunchTests.swift */ = {isa = PBXFileReference; lastKnownFileType = sourcecode.swift; path = FinancialCalculatorUITestsLaunchTests.swift; sourceTree = "<group>"; };
		813042442887D1F1002370D2 /* HomeButtonView.swift */ = {isa = PBXFileReference; lastKnownFileType = sourcecode.swift; path = HomeButtonView.swift; sourceTree = "<group>"; };
		813042462887D49E002370D2 /* TabBarController.swift */ = {isa = PBXFileReference; lastKnownFileType = sourcecode.swift; path = TabBarController.swift; sourceTree = "<group>"; };
		813042482887D652002370D2 /* MortgageViewController.swift */ = {isa = PBXFileReference; lastKnownFileType = sourcecode.swift; path = MortgageViewController.swift; sourceTree = "<group>"; };
		8130424A2887D85D002370D2 /* LoanViewController.swift */ = {isa = PBXFileReference; lastKnownFileType = sourcecode.swift; path = LoanViewController.swift; sourceTree = "<group>"; };
		813CD2DD288929C3006D49CC /* SavingsViewController.swift */ = {isa = PBXFileReference; lastKnownFileType = sourcecode.swift; path = SavingsViewController.swift; sourceTree = "<group>"; };
		813CD2E028892A49006D49CC /* SharedFunctions.swift */ = {isa = PBXFileReference; lastKnownFileType = sourcecode.swift; path = SharedFunctions.swift; sourceTree = "<group>"; };
		813CD2E228892AA2006D49CC /* SavingsData+CoreDataClass.swift */ = {isa = PBXFileReference; lastKnownFileType = sourcecode.swift; path = "SavingsData+CoreDataClass.swift"; sourceTree = "<group>"; };
		813CD2E428892AD1006D49CC /* SavingsData+CoreDataProperties.swift */ = {isa = PBXFileReference; lastKnownFileType = sourcecode.swift; path = "SavingsData+CoreDataProperties.swift"; sourceTree = "<group>"; };
		813CD2E62889318D006D49CC /* SavingHelpViewController.swift */ = {isa = PBXFileReference; lastKnownFileType = sourcecode.swift; path = SavingHelpViewController.swift; sourceTree = "<group>"; };
		813CD2E8288932DF006D49CC /* MortgageHelpViewController.swift */ = {isa = PBXFileReference; lastKnownFileType = sourcecode.swift; path = MortgageHelpViewController.swift; sourceTree = "<group>"; };
		813CD2EA288933D4006D49CC /* LoanHelpViewController.swift */ = {isa = PBXFileReference; lastKnownFileType = sourcecode.swift; path = LoanHelpViewController.swift; sourceTree = "<group>"; };
		8196D5702892009A00A7AA26 /* LoansData+CoreDataClass.swift */ = {isa = PBXFileReference; lastKnownFileType = sourcecode.swift; path = "LoansData+CoreDataClass.swift"; sourceTree = "<group>"; };
		8196D5722892010C00A7AA26 /* LoansData+CoreDataProperties.swift */ = {isa = PBXFileReference; lastKnownFileType = sourcecode.swift; path = "LoansData+CoreDataProperties.swift"; sourceTree = "<group>"; };
		81DA778A288C028F00005A26 /* FinanceCalculator.xcdatamodel */ = {isa = PBXFileReference; lastKnownFileType = wrapper.xcdatamodel; path = FinanceCalculator.xcdatamodel; sourceTree = "<group>"; };
		81DC86B9288BF2A500B1D2BA /* HomeButton.swift */ = {isa = PBXFileReference; lastKnownFileType = sourcecode.swift; path = HomeButton.swift; sourceTree = "<group>"; };
		81DC86BC288BF33F00B1D2BA /* Colors.swift */ = {isa = PBXFileReference; lastKnownFileType = sourcecode.swift; path = Colors.swift; sourceTree = "<group>"; };
		81DC86BE288BF3CE00B1D2BA /* UITextFields.swift */ = {isa = PBXFileReference; lastKnownFileType = sourcecode.swift; path = UITextFields.swift; sourceTree = "<group>"; };
		81DC86C0288BF4DC00B1D2BA /* HelpViewController.swift */ = {isa = PBXFileReference; lastKnownFileType = sourcecode.swift; path = HelpViewController.swift; sourceTree = "<group>"; };
		81DC86C2288BF54B00B1D2BA /* ScrollViewController.swift */ = {isa = PBXFileReference; lastKnownFileType = sourcecode.swift; path = ScrollViewController.swift; sourceTree = "<group>"; };
/* End PBXFileReference section */

/* Begin PBXFrameworksBuildPhase section */
		8130420B2887CE34002370D2 /* Frameworks */ = {
			isa = PBXFrameworksBuildPhase;
			buildActionMask = 2147483647;
			files = (
			);
			runOnlyForDeploymentPostprocessing = 0;
		};
		813042212887CE35002370D2 /* Frameworks */ = {
			isa = PBXFrameworksBuildPhase;
			buildActionMask = 2147483647;
			files = (
			);
			runOnlyForDeploymentPostprocessing = 0;
		};
		8130422B2887CE35002370D2 /* Frameworks */ = {
			isa = PBXFrameworksBuildPhase;
			buildActionMask = 2147483647;
			files = (
			);
			runOnlyForDeploymentPostprocessing = 0;
		};
/* End PBXFrameworksBuildPhase section */

/* Begin PBXGroup section */
		813042052887CE34002370D2 = {
			isa = PBXGroup;
			children = (
				8196D5722892010C00A7AA26 /* LoansData+CoreDataProperties.swift */,
				8196D5702892009A00A7AA26 /* LoansData+CoreDataClass.swift */,
				813CD2E428892AD1006D49CC /* SavingsData+CoreDataProperties.swift */,
				813CD2E228892AA2006D49CC /* SavingsData+CoreDataClass.swift */,
				813042102887CE34002370D2 /* FinancialCalculator */,
				813042272887CE35002370D2 /* FinancialCalculatorTests */,
				813042312887CE35002370D2 /* FinancialCalculatorUITests */,
				8130420F2887CE34002370D2 /* Products */,
			);
			sourceTree = "<group>";
		};
		8130420F2887CE34002370D2 /* Products */ = {
			isa = PBXGroup;
			children = (
				8130420E2887CE34002370D2 /* FinancialCalculator.app */,
				813042242887CE35002370D2 /* FinancialCalculatorTests.xctest */,
				8130422E2887CE35002370D2 /* FinancialCalculatorUITests.xctest */,
			);
			name = Products;
			sourceTree = "<group>";
		};
		813042102887CE34002370D2 /* FinancialCalculator */ = {
			isa = PBXGroup;
			children = (
				81DC86BB288BF32800B1D2BA /* Extensions */,
				81DC86B8288BF29300B1D2BA /* Model */,
				813CD2DF28892A31006D49CC /* Utils */,
				813042422887CE66002370D2 /* ViewControllers */,
				813042432887D1C9002370D2 /* View */,
				813042412887CE55002370D2 /* Storyboards */,
				813042112887CE34002370D2 /* AppDelegate.swift */,
				813042132887CE34002370D2 /* SceneDelegate.swift */,
				8130421A2887CE35002370D2 /* Assets.xcassets */,
				8130421F2887CE35002370D2 /* Info.plist */,
				81DA7789288C028F00005A26 /* FinanceCalculator.xcdatamodeld */,
			);
			path = FinancialCalculator;
			sourceTree = "<group>";
		};
		813042272887CE35002370D2 /* FinancialCalculatorTests */ = {
			isa = PBXGroup;
			children = (
				813042282887CE35002370D2 /* FinancialCalculatorTests.swift */,
			);
			path = FinancialCalculatorTests;
			sourceTree = "<group>";
		};
		813042312887CE35002370D2 /* FinancialCalculatorUITests */ = {
			isa = PBXGroup;
			children = (
				813042322887CE35002370D2 /* FinancialCalculatorUITests.swift */,
				813042342887CE35002370D2 /* FinancialCalculatorUITestsLaunchTests.swift */,
			);
			path = FinancialCalculatorUITests;
			sourceTree = "<group>";
		};
		813042412887CE55002370D2 /* Storyboards */ = {
			isa = PBXGroup;
			children = (
				8130421C2887CE35002370D2 /* LaunchScreen.storyboard */,
				813042172887CE34002370D2 /* Main.storyboard */,
			);
			path = Storyboards;
			sourceTree = "<group>";
		};
		813042422887CE66002370D2 /* ViewControllers */ = {
			isa = PBXGroup;
			children = (
				813042152887CE34002370D2 /* MainViewController.swift */,
				813042462887D49E002370D2 /* TabBarController.swift */,
				813042482887D652002370D2 /* MortgageViewController.swift */,
				8130424A2887D85D002370D2 /* LoanViewController.swift */,
				813CD2DD288929C3006D49CC /* SavingsViewController.swift */,
				813CD2E62889318D006D49CC /* SavingHelpViewController.swift */,
				813CD2E8288932DF006D49CC /* MortgageHelpViewController.swift */,
				813CD2EA288933D4006D49CC /* LoanHelpViewController.swift */,
				81DC86C0288BF4DC00B1D2BA /* HelpViewController.swift */,
				81DC86C2288BF54B00B1D2BA /* ScrollViewController.swift */,
			);
			path = ViewControllers;
			sourceTree = "<group>";
		};
		813042432887D1C9002370D2 /* View */ = {
			isa = PBXGroup;
			children = (
				813042442887D1F1002370D2 /* HomeButtonView.swift */,
			);
			path = View;
			sourceTree = "<group>";
		};
		813CD2DF28892A31006D49CC /* Utils */ = {
			isa = PBXGroup;
			children = (
				813CD2E028892A49006D49CC /* SharedFunctions.swift */,
			);
			path = Utils;
			sourceTree = "<group>";
		};
		81DC86B8288BF29300B1D2BA /* Model */ = {
			isa = PBXGroup;
			children = (
				81DC86B9288BF2A500B1D2BA /* HomeButton.swift */,
			);
			path = Model;
			sourceTree = "<group>";
		};
		81DC86BB288BF32800B1D2BA /* Extensions */ = {
			isa = PBXGroup;
			children = (
				81DC86BC288BF33F00B1D2BA /* Colors.swift */,
				81DC86BE288BF3CE00B1D2BA /* UITextFields.swift */,
			);
			path = Extensions;
			sourceTree = "<group>";
		};
/* End PBXGroup section */

/* Begin PBXNativeTarget section */
		8130420D2887CE34002370D2 /* FinancialCalculator */ = {
			isa = PBXNativeTarget;
			buildConfigurationList = 813042382887CE35002370D2 /* Build configuration list for PBXNativeTarget "FinancialCalculator" */;
			buildPhases = (
				8130420A2887CE34002370D2 /* Sources */,
				8130420B2887CE34002370D2 /* Frameworks */,
				8130420C2887CE34002370D2 /* Resources */,
			);
			buildRules = (
			);
			dependencies = (
			);
			name = FinancialCalculator;
			productName = FinancialCalculator;
			productReference = 8130420E2887CE34002370D2 /* FinancialCalculator.app */;
			productType = "com.apple.product-type.application";
		};
		813042232887CE35002370D2 /* FinancialCalculatorTests */ = {
			isa = PBXNativeTarget;
			buildConfigurationList = 8130423B2887CE35002370D2 /* Build configuration list for PBXNativeTarget "FinancialCalculatorTests" */;
			buildPhases = (
				813042202887CE35002370D2 /* Sources */,
				813042212887CE35002370D2 /* Frameworks */,
				813042222887CE35002370D2 /* Resources */,
			);
			buildRules = (
			);
			dependencies = (
				813042262887CE35002370D2 /* PBXTargetDependency */,
			);
			name = FinancialCalculatorTests;
			productName = FinancialCalculatorTests;
			productReference = 813042242887CE35002370D2 /* FinancialCalculatorTests.xctest */;
			productType = "com.apple.product-type.bundle.unit-test";
		};
		8130422D2887CE35002370D2 /* FinancialCalculatorUITests */ = {
			isa = PBXNativeTarget;
			buildConfigurationList = 8130423E2887CE35002370D2 /* Build configuration list for PBXNativeTarget "FinancialCalculatorUITests" */;
			buildPhases = (
				8130422A2887CE35002370D2 /* Sources */,
				8130422B2887CE35002370D2 /* Frameworks */,
				8130422C2887CE35002370D2 /* Resources */,
			);
			buildRules = (
			);
			dependencies = (
				813042302887CE35002370D2 /* PBXTargetDependency */,
			);
			name = FinancialCalculatorUITests;
			productName = FinancialCalculatorUITests;
			productReference = 8130422E2887CE35002370D2 /* FinancialCalculatorUITests.xctest */;
			productType = "com.apple.product-type.bundle.ui-testing";
		};
/* End PBXNativeTarget section */

/* Begin PBXProject section */
		813042062887CE34002370D2 /* Project object */ = {
			isa = PBXProject;
			attributes = {
				BuildIndependentTargetsInParallel = 1;
				LastSwiftUpdateCheck = 1340;
				LastUpgradeCheck = 1340;
				TargetAttributes = {
					8130420D2887CE34002370D2 = {
						CreatedOnToolsVersion = 13.4.1;
					};
					813042232887CE35002370D2 = {
						CreatedOnToolsVersion = 13.4.1;
						TestTargetID = 8130420D2887CE34002370D2;
					};
					8130422D2887CE35002370D2 = {
						CreatedOnToolsVersion = 13.4.1;
						TestTargetID = 8130420D2887CE34002370D2;
					};
				};
			};
			buildConfigurationList = 813042092887CE34002370D2 /* Build configuration list for PBXProject "FinancialCalculator" */;
			compatibilityVersion = "Xcode 13.0";
			developmentRegion = en;
			hasScannedForEncodings = 0;
			knownRegions = (
				en,
				Base,
			);
			mainGroup = 813042052887CE34002370D2;
			productRefGroup = 8130420F2887CE34002370D2 /* Products */;
			projectDirPath = "";
			projectRoot = "";
			targets = (
				8130420D2887CE34002370D2 /* FinancialCalculator */,
				813042232887CE35002370D2 /* FinancialCalculatorTests */,
				8130422D2887CE35002370D2 /* FinancialCalculatorUITests */,
			);
		};
/* End PBXProject section */

/* Begin PBXResourcesBuildPhase section */
		8130420C2887CE34002370D2 /* Resources */ = {
			isa = PBXResourcesBuildPhase;
			buildActionMask = 2147483647;
			files = (
				8130421E2887CE35002370D2 /* LaunchScreen.storyboard in Resources */,
				8130421B2887CE35002370D2 /* Assets.xcassets in Resources */,
				813042192887CE34002370D2 /* Main.storyboard in Resources */,
			);
			runOnlyForDeploymentPostprocessing = 0;
		};
		813042222887CE35002370D2 /* Resources */ = {
			isa = PBXResourcesBuildPhase;
			buildActionMask = 2147483647;
			files = (
			);
			runOnlyForDeploymentPostprocessing = 0;
		};
		8130422C2887CE35002370D2 /* Resources */ = {
			isa = PBXResourcesBuildPhase;
			buildActionMask = 2147483647;
			files = (
			);
			runOnlyForDeploymentPostprocessing = 0;
		};
/* End PBXResourcesBuildPhase section */

/* Begin PBXSourcesBuildPhase section */
		8130420A2887CE34002370D2 /* Sources */ = {
			isa = PBXSourcesBuildPhase;
			buildActionMask = 2147483647;
			files = (
				813CD2E128892A49006D49CC /* SharedFunctions.swift in Sources */,
				813CD2EB288933D4006D49CC /* LoanHelpViewController.swift in Sources */,
				813CD2DE288929C3006D49CC /* SavingsViewController.swift in Sources */,
				813CD2E528892AD1006D49CC /* SavingsData+CoreDataProperties.swift in Sources */,
				81DA778B288C028F00005A26 /* FinanceCalculator.xcdatamodeld in Sources */,
				813042162887CE34002370D2 /* MainViewController.swift in Sources */,
				813042122887CE34002370D2 /* AppDelegate.swift in Sources */,
				813CD2E72889318D006D49CC /* SavingHelpViewController.swift in Sources */,
				813042492887D652002370D2 /* MortgageViewController.swift in Sources */,
				813CD2E328892AA2006D49CC /* SavingsData+CoreDataClass.swift in Sources */,
				81DC86BD288BF33F00B1D2BA /* Colors.swift in Sources */,
				8130424B2887D85D002370D2 /* LoanViewController.swift in Sources */,
				81DC86BF288BF3CE00B1D2BA /* UITextFields.swift in Sources */,
				8196D5712892009A00A7AA26 /* LoansData+CoreDataClass.swift in Sources */,
				813042142887CE34002370D2 /* SceneDelegate.swift in Sources */,
				81DC86C1288BF4DC00B1D2BA /* HelpViewController.swift in Sources */,
				813CD2E9288932DF006D49CC /* MortgageHelpViewController.swift in Sources */,
				813042472887D49E002370D2 /* TabBarController.swift in Sources */,
				81DC86BA288BF2A500B1D2BA /* HomeButton.swift in Sources */,
				8196D5732892010C00A7AA26 /* LoansData+CoreDataProperties.swift in Sources */,
				81DC86C3288BF54B00B1D2BA /* ScrollViewController.swift in Sources */,
				813042452887D1F1002370D2 /* HomeButtonView.swift in Sources */,
			);
			runOnlyForDeploymentPostprocessing = 0;
		};
		813042202887CE35002370D2 /* Sources */ = {
			isa = PBXSourcesBuildPhase;
			buildActionMask = 2147483647;
			files = (
				813042292887CE35002370D2 /* FinancialCalculatorTests.swift in Sources */,
			);
			runOnlyForDeploymentPostprocessing = 0;
		};
		8130422A2887CE35002370D2 /* Sources */ = {
			isa = PBXSourcesBuildPhase;
			buildActionMask = 2147483647;
			files = (
				813042352887CE35002370D2 /* FinancialCalculatorUITestsLaunchTests.swift in Sources */,
				813042332887CE35002370D2 /* FinancialCalculatorUITests.swift in Sources */,
			);
			runOnlyForDeploymentPostprocessing = 0;
		};
/* End PBXSourcesBuildPhase section */

/* Begin PBXTargetDependency section */
		813042262887CE35002370D2 /* PBXTargetDependency */ = {
			isa = PBXTargetDependency;
			target = 8130420D2887CE34002370D2 /* FinancialCalculator */;
			targetProxy = 813042252887CE35002370D2 /* PBXContainerItemProxy */;
		};
		813042302887CE35002370D2 /* PBXTargetDependency */ = {
			isa = PBXTargetDependency;
			target = 8130420D2887CE34002370D2 /* FinancialCalculator */;
			targetProxy = 8130422F2887CE35002370D2 /* PBXContainerItemProxy */;
		};
/* End PBXTargetDependency section */

/* Begin PBXVariantGroup section */
		813042172887CE34002370D2 /* Main.storyboard */ = {
			isa = PBXVariantGroup;
			children = (
				813042182887CE34002370D2 /* Base */,
			);
			name = Main.storyboard;
			sourceTree = "<group>";
		};
		8130421C2887CE35002370D2 /* LaunchScreen.storyboard */ = {
			isa = PBXVariantGroup;
			children = (
				8130421D2887CE35002370D2 /* Base */,
			);
			name = LaunchScreen.storyboard;
			sourceTree = "<group>";
		};
/* End PBXVariantGroup section */

/* Begin XCBuildConfiguration section */
		813042362887CE35002370D2 /* Debug */ = {
			isa = XCBuildConfiguration;
			buildSettings = {
				ALWAYS_SEARCH_USER_PATHS = NO;
				CLANG_ANALYZER_NONNULL = YES;
				CLANG_ANALYZER_NUMBER_OBJECT_CONVERSION = YES_AGGRESSIVE;
				CLANG_CXX_LANGUAGE_STANDARD = "gnu++17";
				CLANG_ENABLE_MODULES = YES;
				CLANG_ENABLE_OBJC_ARC = YES;
				CLANG_ENABLE_OBJC_WEAK = YES;
				CLANG_WARN_BLOCK_CAPTURE_AUTORELEASING = YES;
				CLANG_WARN_BOOL_CONVERSION = YES;
				CLANG_WARN_COMMA = YES;
				CLANG_WARN_CONSTANT_CONVERSION = YES;
				CLANG_WARN_DEPRECATED_OBJC_IMPLEMENTATIONS = YES;
				CLANG_WARN_DIRECT_OBJC_ISA_USAGE = YES_ERROR;
				CLANG_WARN_DOCUMENTATION_COMMENTS = YES;
				CLANG_WARN_EMPTY_BODY = YES;
				CLANG_WARN_ENUM_CONVERSION = YES;
				CLANG_WARN_INFINITE_RECURSION = YES;
				CLANG_WARN_INT_CONVERSION = YES;
				CLANG_WARN_NON_LITERAL_NULL_CONVERSION = YES;
				CLANG_WARN_OBJC_IMPLICIT_RETAIN_SELF = YES;
				CLANG_WARN_OBJC_LITERAL_CONVERSION = YES;
				CLANG_WARN_OBJC_ROOT_CLASS = YES_ERROR;
				CLANG_WARN_QUOTED_INCLUDE_IN_FRAMEWORK_HEADER = YES;
				CLANG_WARN_RANGE_LOOP_ANALYSIS = YES;
				CLANG_WARN_STRICT_PROTOTYPES = YES;
				CLANG_WARN_SUSPICIOUS_MOVE = YES;
				CLANG_WARN_UNGUARDED_AVAILABILITY = YES_AGGRESSIVE;
				CLANG_WARN_UNREACHABLE_CODE = YES;
				CLANG_WARN__DUPLICATE_METHOD_MATCH = YES;
				COPY_PHASE_STRIP = NO;
				DEBUG_INFORMATION_FORMAT = dwarf;
				ENABLE_STRICT_OBJC_MSGSEND = YES;
				ENABLE_TESTABILITY = YES;
				GCC_C_LANGUAGE_STANDARD = gnu11;
				GCC_DYNAMIC_NO_PIC = NO;
				GCC_NO_COMMON_BLOCKS = YES;
				GCC_OPTIMIZATION_LEVEL = 0;
				GCC_PREPROCESSOR_DEFINITIONS = (
					"DEBUG=1",
					"$(inherited)",
				);
				GCC_WARN_64_TO_32_BIT_CONVERSION = YES;
				GCC_WARN_ABOUT_RETURN_TYPE = YES_ERROR;
				GCC_WARN_UNDECLARED_SELECTOR = YES;
				GCC_WARN_UNINITIALIZED_AUTOS = YES_AGGRESSIVE;
				GCC_WARN_UNUSED_FUNCTION = YES;
				GCC_WARN_UNUSED_VARIABLE = YES;
				IPHONEOS_DEPLOYMENT_TARGET = 15.5;
				MTL_ENABLE_DEBUG_INFO = INCLUDE_SOURCE;
				MTL_FAST_MATH = YES;
				ONLY_ACTIVE_ARCH = YES;
				SDKROOT = iphoneos;
				SWIFT_ACTIVE_COMPILATION_CONDITIONS = DEBUG;
				SWIFT_OPTIMIZATION_LEVEL = "-Onone";
			};
			name = Debug;
		};
		813042372887CE35002370D2 /* Release */ = {
			isa = XCBuildConfiguration;
			buildSettings = {
				ALWAYS_SEARCH_USER_PATHS = NO;
				CLANG_ANALYZER_NONNULL = YES;
				CLANG_ANALYZER_NUMBER_OBJECT_CONVERSION = YES_AGGRESSIVE;
				CLANG_CXX_LANGUAGE_STANDARD = "gnu++17";
				CLANG_ENABLE_MODULES = YES;
				CLANG_ENABLE_OBJC_ARC = YES;
				CLANG_ENABLE_OBJC_WEAK = YES;
				CLANG_WARN_BLOCK_CAPTURE_AUTORELEASING = YES;
				CLANG_WARN_BOOL_CONVERSION = YES;
				CLANG_WARN_COMMA = YES;
				CLANG_WARN_CONSTANT_CONVERSION = YES;
				CLANG_WARN_DEPRECATED_OBJC_IMPLEMENTATIONS = YES;
				CLANG_WARN_DIRECT_OBJC_ISA_USAGE = YES_ERROR;
				CLANG_WARN_DOCUMENTATION_COMMENTS = YES;
				CLANG_WARN_EMPTY_BODY = YES;
				CLANG_WARN_ENUM_CONVERSION = YES;
				CLANG_WARN_INFINITE_RECURSION = YES;
				CLANG_WARN_INT_CONVERSION = YES;
				CLANG_WARN_NON_LITERAL_NULL_CONVERSION = YES;
				CLANG_WARN_OBJC_IMPLICIT_RETAIN_SELF = YES;
				CLANG_WARN_OBJC_LITERAL_CONVERSION = YES;
				CLANG_WARN_OBJC_ROOT_CLASS = YES_ERROR;
				CLANG_WARN_QUOTED_INCLUDE_IN_FRAMEWORK_HEADER = YES;
				CLANG_WARN_RANGE_LOOP_ANALYSIS = YES;
				CLANG_WARN_STRICT_PROTOTYPES = YES;
				CLANG_WARN_SUSPICIOUS_MOVE = YES;
				CLANG_WARN_UNGUARDED_AVAILABILITY = YES_AGGRESSIVE;
				CLANG_WARN_UNREACHABLE_CODE = YES;
				CLANG_WARN__DUPLICATE_METHOD_MATCH = YES;
				COPY_PHASE_STRIP = NO;
				DEBUG_INFORMATION_FORMAT = "dwarf-with-dsym";
				ENABLE_NS_ASSERTIONS = NO;
				ENABLE_STRICT_OBJC_MSGSEND = YES;
				GCC_C_LANGUAGE_STANDARD = gnu11;
				GCC_NO_COMMON_BLOCKS = YES;
				GCC_WARN_64_TO_32_BIT_CONVERSION = YES;
				GCC_WARN_ABOUT_RETURN_TYPE = YES_ERROR;
				GCC_WARN_UNDECLARED_SELECTOR = YES;
				GCC_WARN_UNINITIALIZED_AUTOS = YES_AGGRESSIVE;
				GCC_WARN_UNUSED_FUNCTION = YES;
				GCC_WARN_UNUSED_VARIABLE = YES;
				IPHONEOS_DEPLOYMENT_TARGET = 15.5;
				MTL_ENABLE_DEBUG_INFO = NO;
				MTL_FAST_MATH = YES;
				SDKROOT = iphoneos;
				SWIFT_COMPILATION_MODE = wholemodule;
				SWIFT_OPTIMIZATION_LEVEL = "-O";
				VALIDATE_PRODUCT = YES;
			};
			name = Release;
		};
		813042392887CE35002370D2 /* Debug */ = {
			isa = XCBuildConfiguration;
			buildSettings = {
				ASSETCATALOG_COMPILER_APPICON_NAME = AppIcon;
				ASSETCATALOG_COMPILER_GLOBAL_ACCENT_COLOR_NAME = AccentColor;
				CODE_SIGN_STYLE = Automatic;
				CURRENT_PROJECT_VERSION = 1;
				GENERATE_INFOPLIST_FILE = YES;
				INFOPLIST_FILE = FinancialCalculator/Info.plist;
				INFOPLIST_KEY_CFBundleDisplayName = FinCal;
				INFOPLIST_KEY_UIApplicationSupportsIndirectInputEvents = YES;
				INFOPLIST_KEY_UILaunchStoryboardName = LaunchScreen;
				INFOPLIST_KEY_UIMainStoryboardFile = Main;
				INFOPLIST_KEY_UISupportedInterfaceOrientations_iPad = "UIInterfaceOrientationPortrait UIInterfaceOrientationPortraitUpsideDown UIInterfaceOrientationLandscapeLeft UIInterfaceOrientationLandscapeRight";
				INFOPLIST_KEY_UISupportedInterfaceOrientations_iPhone = "UIInterfaceOrientationPortrait UIInterfaceOrientationLandscapeLeft UIInterfaceOrientationLandscapeRight";
				LD_RUNPATH_SEARCH_PATHS = (
					"$(inherited)",
					"@executable_path/Frameworks",
				);
				MARKETING_VERSION = 4.0;
				PRODUCT_BUNDLE_IDENTIFIER = w1867890.FinancialCalculator;
				PRODUCT_NAME = "$(TARGET_NAME)";
				SWIFT_EMIT_LOC_STRINGS = YES;
				SWIFT_VERSION = 5.0;
				TARGETED_DEVICE_FAMILY = 1;
			};
			name = Debug;
		};
		8130423A2887CE35002370D2 /* Release */ = {
			isa = XCBuildConfiguration;
			buildSettings = {
				ASSETCATALOG_COMPILER_APPICON_NAME = AppIcon;
				ASSETCATALOG_COMPILER_GLOBAL_ACCENT_COLOR_NAME = AccentColor;
				CODE_SIGN_STYLE = Automatic;
				CURRENT_PROJECT_VERSION = 1;
				GENERATE_INFOPLIST_FILE = YES;
				INFOPLIST_FILE = FinancialCalculator/Info.plist;
				INFOPLIST_KEY_CFBundleDisplayName = FinCal;
				INFOPLIST_KEY_UIApplicationSupportsIndirectInputEvents = YES;
				INFOPLIST_KEY_UILaunchStoryboardName = LaunchScreen;
				INFOPLIST_KEY_UIMainStoryboardFile = Main;
				INFOPLIST_KEY_UISupportedInterfaceOrientations_iPad = "UIInterfaceOrientationPortrait UIInterfaceOrientationPortraitUpsideDown UIInterfaceOrientationLandscapeLeft UIInterfaceOrientationLandscapeRight";
				INFOPLIST_KEY_UISupportedInterfaceOrientations_iPhone = "UIInterfaceOrientationPortrait UIInterfaceOrientationLandscapeLeft UIInterfaceOrientationLandscapeRight";
				LD_RUNPATH_SEARCH_PATHS = (
					"$(inherited)",
					"@executable_path/Frameworks",
				);
				MARKETING_VERSION = 4.0;
				PRODUCT_BUNDLE_IDENTIFIER = w1867890.FinancialCalculator;
				PRODUCT_NAME = "$(TARGET_NAME)";
				SWIFT_EMIT_LOC_STRINGS = YES;
				SWIFT_VERSION = 5.0;
				TARGETED_DEVICE_FAMILY = 1;
			};
			name = Release;
		};
		8130423C2887CE35002370D2 /* Debug */ = {
			isa = XCBuildConfiguration;
			buildSettings = {
				ALWAYS_EMBED_SWIFT_STANDARD_LIBRARIES = YES;
				BUNDLE_LOADER = "$(TEST_HOST)";
				CODE_SIGN_STYLE = Automatic;
				CURRENT_PROJECT_VERSION = 1;
				GENERATE_INFOPLIST_FILE = YES;
				IPHONEOS_DEPLOYMENT_TARGET = 15.5;
				MARKETING_VERSION = 1.0;
				PRODUCT_BUNDLE_IDENTIFIER = w1867890.FinancialCalculatorTests;
				PRODUCT_NAME = "$(TARGET_NAME)";
				SWIFT_EMIT_LOC_STRINGS = NO;
				SWIFT_VERSION = 5.0;
				TARGETED_DEVICE_FAMILY = "1,2";
				TEST_HOST = "$(BUILT_PRODUCTS_DIR)/FinancialCalculator.app/FinancialCalculator";
			};
			name = Debug;
		};
		8130423D2887CE35002370D2 /* Release */ = {
			isa = XCBuildConfiguration;
			buildSettings = {
				ALWAYS_EMBED_SWIFT_STANDARD_LIBRARIES = YES;
				BUNDLE_LOADER = "$(TEST_HOST)";
				CODE_SIGN_STYLE = Automatic;
				CURRENT_PROJECT_VERSION = 1;
				GENERATE_INFOPLIST_FILE = YES;
				IPHONEOS_DEPLOYMENT_TARGET = 15.5;
				MARKETING_VERSION = 1.0;
				PRODUCT_BUNDLE_IDENTIFIER = w1867890.FinancialCalculatorTests;
				PRODUCT_NAME = "$(TARGET_NAME)";
				SWIFT_EMIT_LOC_STRINGS = NO;
				SWIFT_VERSION = 5.0;
				TARGETED_DEVICE_FAMILY = "1,2";
				TEST_HOST = "$(BUILT_PRODUCTS_DIR)/FinancialCalculator.app/FinancialCalculator";
			};
			name = Release;
		};
		8130423F2887CE35002370D2 /* Debug */ = {
			isa = XCBuildConfiguration;
			buildSettings = {
				ALWAYS_EMBED_SWIFT_STANDARD_LIBRARIES = YES;
				CODE_SIGN_STYLE = Automatic;
				CURRENT_PROJECT_VERSION = 1;
				GENERATE_INFOPLIST_FILE = YES;
				MARKETING_VERSION = 1.0;
				PRODUCT_BUNDLE_IDENTIFIER = w1867890.FinancialCalculatorUITests;
				PRODUCT_NAME = "$(TARGET_NAME)";
				SWIFT_EMIT_LOC_STRINGS = NO;
				SWIFT_VERSION = 5.0;
				TARGETED_DEVICE_FAMILY = "1,2";
				TEST_TARGET_NAME = FinancialCalculator;
			};
			name = Debug;
		};
		813042402887CE35002370D2 /* Release */ = {
			isa = XCBuildConfiguration;
			buildSettings = {
				ALWAYS_EMBED_SWIFT_STANDARD_LIBRARIES = YES;
				CODE_SIGN_STYLE = Automatic;
				CURRENT_PROJECT_VERSION = 1;
				GENERATE_INFOPLIST_FILE = YES;
				MARKETING_VERSION = 1.0;
				PRODUCT_BUNDLE_IDENTIFIER = w1867890.FinancialCalculatorUITests;
				PRODUCT_NAME = "$(TARGET_NAME)";
				SWIFT_EMIT_LOC_STRINGS = NO;
				SWIFT_VERSION = 5.0;
				TARGETED_DEVICE_FAMILY = "1,2";
				TEST_TARGET_NAME = FinancialCalculator;
			};
			name = Release;
		};
/* End XCBuildConfiguration section */

/* Begin XCConfigurationList section */
		813042092887CE34002370D2 /* Build configuration list for PBXProject "FinancialCalculator" */ = {
			isa = XCConfigurationList;
			buildConfigurations = (
				813042362887CE35002370D2 /* Debug */,
				813042372887CE35002370D2 /* Release */,
			);
			defaultConfigurationIsVisible = 0;
			defaultConfigurationName = Release;
		};
		813042382887CE35002370D2 /* Build configuration list for PBXNativeTarget "FinancialCalculator" */ = {
			isa = XCConfigurationList;
			buildConfigurations = (
				813042392887CE35002370D2 /* Debug */,
				8130423A2887CE35002370D2 /* Release */,
			);
			defaultConfigurationIsVisible = 0;
			defaultConfigurationName = Release;
		};
		8130423B2887CE35002370D2 /* Build configuration list for PBXNativeTarget "FinancialCalculatorTests" */ = {
			isa = XCConfigurationList;
			buildConfigurations = (
				8130423C2887CE35002370D2 /* Debug */,
				8130423D2887CE35002370D2 /* Release */,
			);
			defaultConfigurationIsVisible = 0;
			defaultConfigurationName = Release;
		};
		8130423E2887CE35002370D2 /* Build configuration list for PBXNativeTarget "FinancialCalculatorUITests" */ = {
			isa = XCConfigurationList;
			buildConfigurations = (
				8130423F2887CE35002370D2 /* Debug */,
				813042402887CE35002370D2 /* Release */,
			);
			defaultConfigurationIsVisible = 0;
			defaultConfigurationName = Release;
		};
/* End XCConfigurationList section */

/* Begin XCVersionGroup section */
		81DA7789288C028F00005A26 /* FinanceCalculator.xcdatamodeld */ = {
			isa = XCVersionGroup;
			children = (
				81DA778A288C028F00005A26 /* FinanceCalculator.xcdatamodel */,
			);
			currentVersion = 81DA778A288C028F00005A26 /* FinanceCalculator.xcdatamodel */;
			path = FinanceCalculator.xcdatamodeld;
			sourceTree = "<group>";
			versionGroupType = wrapper.xcdatamodel;
		};
/* End XCVersionGroup section */
	};
	rootObject = 813042062887CE34002370D2 /* Project object */;
}
